
Microsoft Visual Studio Solution File, Format Version 12.00
# Visual Studio Version 17
VisualStudioVersion = 17.13.35931.197
MinimumVisualStudioVersion = 10.0.40219.1
Project("{FAE04EC0-301F-11D3-BF4B-00C04F79EFBC}") = "JobSearchSiteBackend.Core", "src\JobSearchSiteBackend.Core\JobSearchSiteBackend.Core.csproj", "{8E61A32A-E60C-4081-B6E5-C20491324C33}"
EndProject
Project("{FAE04EC0-301F-11D3-BF4B-00C04F79EFBC}") = "JobSearchSiteBackend.Infrastructure", "src\JobSearchSiteBackend.Infrastructure\JobSearchSiteBackend.Infrastructure.csproj", "{AC53C651-07B3-4B16-9ACF-D488B8581AA0}"
EndProject
Project("{FAE04EC0-301F-11D3-BF4B-00C04F79EFBC}") = "JobSearchSiteBackend.Shared", "src\JobSearchSiteBackend.Shared\JobSearchSiteBackend.Shared.csproj", "{CB4F6839-DE45-4D05-BB9A-8F39E6CC3E65}"
EndProject
Project("{FAE04EC0-301F-11D3-BF4B-00C04F79EFBC}") = "JobSearchSiteBackend.API", "src\JobSearchSiteBackend.API\JobSearchSiteBackend.API.csproj", "{628C2DF0-9E80-4B90-A10A-5D741DF222E6}"
EndProject
Project("{2150E333-8FDC-42A3-9474-1A3956D46DE8}") = "Solution Items", "Solution Items", "{B91B5E2B-2609-4D32-8F34-B9F5F5EB5424}"
	ProjectSection(SolutionItems) = preProject
		compose.yaml = compose.yaml
	EndProjectSection
EndProject
Global
	GlobalSection(SolutionConfigurationPlatforms) = preSolution
		Debug|Any CPU = Debug|Any CPU
		Release|Any CPU = Release|Any CPU
	EndGlobalSection
	GlobalSection(ProjectConfigurationPlatforms) = postSolution
		{8E61A32A-E60C-4081-B6E5-C20491324C33}.Debug|Any CPU.ActiveCfg = Debug|Any CPU
		{8E61A32A-E60C-4081-B6E5-C20491324C33}.Debug|Any CPU.Build.0 = Debug|Any CPU
		{8E61A32A-E60C-4081-B6E5-C20491324C33}.Release|Any CPU.ActiveCfg = Release|Any CPU
		{8E61A32A-E60C-4081-B6E5-C20491324C33}.Release|Any CPU.Build.0 = Release|Any CPU
		{AC53C651-07B3-4B16-9ACF-D488B8581AA0}.Debug|Any CPU.ActiveCfg = Debug|Any CPU
		{AC53C651-07B3-4B16-9ACF-D488B8581AA0}.Debug|Any CPU.Build.0 = Debug|Any CPU
		{AC53C651-07B3-4B16-9ACF-D488B8581AA0}.Release|Any CPU.ActiveCfg = Release|Any CPU
		{AC53C651-07B3-4B16-9ACF-D488B8581AA0}.Release|Any CPU.Build.0 = Release|Any CPU
		{CB4F6839-DE45-4D05-BB9A-8F39E6CC3E65}.Debug|Any CPU.ActiveCfg = Debug|Any CPU
		{CB4F6839-DE45-4D05-BB9A-8F39E6CC3E65}.Debug|Any CPU.Build.0 = Debug|Any CPU
		{CB4F6839-DE45-4D05-BB9A-8F39E6CC3E65}.Release|Any CPU.ActiveCfg = Release|Any CPU
		{CB4F6839-DE45-4D05-BB9A-8F39E6CC3E65}.Release|Any CPU.Build.0 = Release|Any CPU
		{628C2DF0-9E80-4B90-A10A-5D741DF222E6}.Debug|Any CPU.ActiveCfg = Debug|Any CPU
		{628C2DF0-9E80-4B90-A10A-5D741DF222E6}.Debug|Any CPU.Build.0 = Debug|Any CPU
		{628C2DF0-9E80-4B90-A10A-5D741DF222E6}.Release|Any CPU.ActiveCfg = Release|Any CPU
		{628C2DF0-9E80-4B90-A10A-5D741DF222E6}.Release|Any CPU.Build.0 = Release|Any CPU
	EndGlobalSection
	GlobalSection(SolutionProperties) = preSolution
		HideSolutionNode = FALSE
	EndGlobalSection
	GlobalSection(ExtensibilityGlobals) = postSolution
		SolutionGuid = {9FA601EE-ABD5-494C-942D-C1F1E138A6CF}
	EndGlobalSection
EndGlobal
