
Microsoft Visual Studio Solution File, Format Version 12.00
Project("{2150E333-8FDC-42A3-9474-1A3956D46DE8}") = "Infrastructure", "Infrastructure", "{4FBA462B-FC63-4F5A-8A5D-87F2E8195D97}"
EndProject
Project("{FAE04EC0-301F-11D3-BF4B-00C04F79EFBC}") = "Application", "Application\Application.csproj", "{30CDA46E-4FD3-4A83-904F-946F1811BADD}"
EndProject
Project("{FAE04EC0-301F-11D3-BF4B-00C04F79EFBC}") = "Domain", "Domain\Domain.csproj", "{8E61A32A-E60C-4081-B6E5-C20491324C33}"
EndProject
Project("{FAE04EC0-301F-11D3-BF4B-00C04F79EFBC}") = "API", "API\API.csproj", "{45550D1A-C8AA-4DA0-AB7C-B18EF2A4DBD1}"
EndProject
Global
	GlobalSection(SolutionConfigurationPlatforms) = preSolution
		Debug|Any CPU = Debug|Any CPU
		Release|Any CPU = Release|Any CPU
	EndGlobalSection
	GlobalSection(ProjectConfigurationPlatforms) = postSolution
		{30CDA46E-4FD3-4A83-904F-946F1811BADD}.Debug|Any CPU.ActiveCfg = Debug|Any CPU
		{30CDA46E-4FD3-4A83-904F-946F1811BADD}.Debug|Any CPU.Build.0 = Debug|Any CPU
		{30CDA46E-4FD3-4A83-904F-946F1811BADD}.Release|Any CPU.ActiveCfg = Release|Any CPU
		{30CDA46E-4FD3-4A83-904F-946F1811BADD}.Release|Any CPU.Build.0 = Release|Any CPU
		{8E61A32A-E60C-4081-B6E5-C20491324C33}.Debug|Any CPU.ActiveCfg = Debug|Any CPU
		{8E61A32A-E60C-4081-B6E5-C20491324C33}.Debug|Any CPU.Build.0 = Debug|Any CPU
		{8E61A32A-E60C-4081-B6E5-C20491324C33}.Release|Any CPU.ActiveCfg = Release|Any CPU
		{8E61A32A-E60C-4081-B6E5-C20491324C33}.Release|Any CPU.Build.0 = Release|Any CPU
		{45550D1A-C8AA-4DA0-AB7C-B18EF2A4DBD1}.Debug|Any CPU.ActiveCfg = Debug|Any CPU
		{45550D1A-C8AA-4DA0-AB7C-B18EF2A4DBD1}.Debug|Any CPU.Build.0 = Debug|Any CPU
		{45550D1A-C8AA-4DA0-AB7C-B18EF2A4DBD1}.Release|Any CPU.ActiveCfg = Release|Any CPU
		{45550D1A-C8AA-4DA0-AB7C-B18EF2A4DBD1}.Release|Any CPU.Build.0 = Release|Any CPU
	EndGlobalSection
EndGlobal
